
Microsoft Visual Studio Solution File, Format Version 12.00
# Visual Studio 15
VisualStudioVersion = 15.0.26124.0
MinimumVisualStudioVersion = 15.0.26124.0
Project("{2150E333-8FDC-42A3-9474-1A3956D46DE8}") = "src", "src", "{2CF0DC5B-EC9C-4862-A908-73FA97F4F909}"
EndProject
Project("{FAE04EC0-301F-11D3-BF4B-00C04F79EFBC}") = "GradeBook", "src\GradeBook\GradeBook.csproj", "{5897516D-A718-4634-85C7-0B73A3B86659}"
EndProject
Project("{2150E333-8FDC-42A3-9474-1A3956D46DE8}") = "test", "test", "{E59EAEC8-7670-49C2-9994-56A30B5388EE}"
EndProject
Project("{FAE04EC0-301F-11D3-BF4B-00C04F79EFBC}") = "GradeBook.Tests", "test\GradeBook.Tests\GradeBook.Tests.csproj", "{0CE0904A-B5CA-422C-ACCA-D807EB88A895}"
EndProject
Global
	GlobalSection(SolutionConfigurationPlatforms) = preSolution
		Debug|Any CPU = Debug|Any CPU
		Debug|x64 = Debug|x64
		Debug|x86 = Debug|x86
		Release|Any CPU = Release|Any CPU
		Release|x64 = Release|x64
		Release|x86 = Release|x86
	EndGlobalSection
	GlobalSection(SolutionProperties) = preSolution
		HideSolutionNode = FALSE
	EndGlobalSection
	GlobalSection(ProjectConfigurationPlatforms) = postSolution
		{5897516D-A718-4634-85C7-0B73A3B86659}.Debug|Any CPU.ActiveCfg = Debug|Any CPU
		{5897516D-A718-4634-85C7-0B73A3B86659}.Debug|Any CPU.Build.0 = Debug|Any CPU
		{5897516D-A718-4634-85C7-0B73A3B86659}.Debug|x64.ActiveCfg = Debug|Any CPU
		{5897516D-A718-4634-85C7-0B73A3B86659}.Debug|x64.Build.0 = Debug|Any CPU
		{5897516D-A718-4634-85C7-0B73A3B86659}.Debug|x86.ActiveCfg = Debug|Any CPU
		{5897516D-A718-4634-85C7-0B73A3B86659}.Debug|x86.Build.0 = Debug|Any CPU
		{5897516D-A718-4634-85C7-0B73A3B86659}.Release|Any CPU.ActiveCfg = Release|Any CPU
		{5897516D-A718-4634-85C7-0B73A3B86659}.Release|Any CPU.Build.0 = Release|Any CPU
		{5897516D-A718-4634-85C7-0B73A3B86659}.Release|x64.ActiveCfg = Release|Any CPU
		{5897516D-A718-4634-85C7-0B73A3B86659}.Release|x64.Build.0 = Release|Any CPU
		{5897516D-A718-4634-85C7-0B73A3B86659}.Release|x86.ActiveCfg = Release|Any CPU
		{5897516D-A718-4634-85C7-0B73A3B86659}.Release|x86.Build.0 = Release|Any CPU
		{0CE0904A-B5CA-422C-ACCA-D807EB88A895}.Debug|Any CPU.ActiveCfg = Debug|Any CPU
		{0CE0904A-B5CA-422C-ACCA-D807EB88A895}.Debug|Any CPU.Build.0 = Debug|Any CPU
		{0CE0904A-B5CA-422C-ACCA-D807EB88A895}.Debug|x64.ActiveCfg = Debug|Any CPU
		{0CE0904A-B5CA-422C-ACCA-D807EB88A895}.Debug|x64.Build.0 = Debug|Any CPU
		{0CE0904A-B5CA-422C-ACCA-D807EB88A895}.Debug|x86.ActiveCfg = Debug|Any CPU
		{0CE0904A-B5CA-422C-ACCA-D807EB88A895}.Debug|x86.Build.0 = Debug|Any CPU
		{0CE0904A-B5CA-422C-ACCA-D807EB88A895}.Release|Any CPU.ActiveCfg = Release|Any CPU
		{0CE0904A-B5CA-422C-ACCA-D807EB88A895}.Release|Any CPU.Build.0 = Release|Any CPU
		{0CE0904A-B5CA-422C-ACCA-D807EB88A895}.Release|x64.ActiveCfg = Release|Any CPU
		{0CE0904A-B5CA-422C-ACCA-D807EB88A895}.Release|x64.Build.0 = Release|Any CPU
		{0CE0904A-B5CA-422C-ACCA-D807EB88A895}.Release|x86.ActiveCfg = Release|Any CPU
		{0CE0904A-B5CA-422C-ACCA-D807EB88A895}.Release|x86.Build.0 = Release|Any CPU
	EndGlobalSection
	GlobalSection(NestedProjects) = preSolution
		{5897516D-A718-4634-85C7-0B73A3B86659} = {2CF0DC5B-EC9C-4862-A908-73FA97F4F909}
		{0CE0904A-B5CA-422C-ACCA-D807EB88A895} = {E59EAEC8-7670-49C2-9994-56A30B5388EE}
	EndGlobalSection
EndGlobal
